// !$*UTF8*$!
{
	archiveVersion = 1;
	classes = {
	};
	objectVersion = 50;
	objects = {

/* Begin PBXBuildFile section */
		4EC8D8DC5A6A32FFF1F6FA38 /* Pods_TodoAppTests.framework in Frameworks */ = {isa = PBXBuildFile; fileRef = C8E2B84C64C14EE94C76FBB0 /* Pods_TodoAppTests.framework */; };
		667BDBB4681A624A1087404C /* Pods_TodoApp.framework in Frameworks */ = {isa = PBXBuildFile; fileRef = B9A4C87FD6417FB2F166FCFD /* Pods_TodoApp.framework */; };
		BFA8210E2445C2C5004B8EC2 /* AppDelegate.swift in Sources */ = {isa = PBXBuildFile; fileRef = BFA8210D2445C2C5004B8EC2 /* AppDelegate.swift */; };
		BFA821102445C2C5004B8EC2 /* SceneDelegate.swift in Sources */ = {isa = PBXBuildFile; fileRef = BFA8210F2445C2C5004B8EC2 /* SceneDelegate.swift */; };
		BFA821122445C2C5004B8EC2 /* ViewController.swift in Sources */ = {isa = PBXBuildFile; fileRef = BFA821112445C2C5004B8EC2 /* ViewController.swift */; };
		BFA821152445C2C5004B8EC2 /* Main.storyboard in Resources */ = {isa = PBXBuildFile; fileRef = BFA821132445C2C5004B8EC2 /* Main.storyboard */; };
		BFA821172445C2C8004B8EC2 /* Assets.xcassets in Resources */ = {isa = PBXBuildFile; fileRef = BFA821162445C2C8004B8EC2 /* Assets.xcassets */; };
		BFA8211A2445C2C8004B8EC2 /* LaunchScreen.storyboard in Resources */ = {isa = PBXBuildFile; fileRef = BFA821182445C2C8004B8EC2 /* LaunchScreen.storyboard */; };
		BFA821252445C2C8004B8EC2 /* TodoAppTests.swift in Sources */ = {isa = PBXBuildFile; fileRef = BFA821242445C2C8004B8EC2 /* TodoAppTests.swift */; };
/* End PBXBuildFile section */

/* Begin PBXContainerItemProxy section */
		BFA821212445C2C8004B8EC2 /* PBXContainerItemProxy */ = {
			isa = PBXContainerItemProxy;
			containerPortal = BFA821022445C2C5004B8EC2 /* Project object */;
			proxyType = 1;
			remoteGlobalIDString = BFA821092445C2C5004B8EC2;
			remoteInfo = TodoApp;
		};
/* End PBXContainerItemProxy section */

/* Begin PBXFileReference section */
		402E25C004C5DDEA2CD84BF7 /* Pods-TodoAppTests.debug.xcconfig */ = {isa = PBXFileReference; includeInIndex = 1; lastKnownFileType = text.xcconfig; name = "Pods-TodoAppTests.debug.xcconfig"; path = "Target Support Files/Pods-TodoAppTests/Pods-TodoAppTests.debug.xcconfig"; sourceTree = "<group>"; };
		5EFA8D3B2A78B78865584534 /* Pods-TodoApp.debug.xcconfig */ = {isa = PBXFileReference; includeInIndex = 1; lastKnownFileType = text.xcconfig; name = "Pods-TodoApp.debug.xcconfig"; path = "Target Support Files/Pods-TodoApp/Pods-TodoApp.debug.xcconfig"; sourceTree = "<group>"; };
		8147393EB28F71C567ADD190 /* Pods-TodoApp.release.xcconfig */ = {isa = PBXFileReference; includeInIndex = 1; lastKnownFileType = text.xcconfig; name = "Pods-TodoApp.release.xcconfig"; path = "Target Support Files/Pods-TodoApp/Pods-TodoApp.release.xcconfig"; sourceTree = "<group>"; };
		B9A4C87FD6417FB2F166FCFD /* Pods_TodoApp.framework */ = {isa = PBXFileReference; explicitFileType = wrapper.framework; includeInIndex = 0; path = Pods_TodoApp.framework; sourceTree = BUILT_PRODUCTS_DIR; };
		BFA8210A2445C2C5004B8EC2 /* TodoApp.app */ = {isa = PBXFileReference; explicitFileType = wrapper.application; includeInIndex = 0; path = TodoApp.app; sourceTree = BUILT_PRODUCTS_DIR; };
		BFA8210D2445C2C5004B8EC2 /* AppDelegate.swift */ = {isa = PBXFileReference; lastKnownFileType = sourcecode.swift; path = AppDelegate.swift; sourceTree = "<group>"; };
		BFA8210F2445C2C5004B8EC2 /* SceneDelegate.swift */ = {isa = PBXFileReference; lastKnownFileType = sourcecode.swift; path = SceneDelegate.swift; sourceTree = "<group>"; };
		BFA821112445C2C5004B8EC2 /* ViewController.swift */ = {isa = PBXFileReference; lastKnownFileType = sourcecode.swift; path = ViewController.swift; sourceTree = "<group>"; };
		BFA821142445C2C5004B8EC2 /* Base */ = {isa = PBXFileReference; lastKnownFileType = file.storyboard; name = Base; path = Base.lproj/Main.storyboard; sourceTree = "<group>"; };
		BFA821162445C2C8004B8EC2 /* Assets.xcassets */ = {isa = PBXFileReference; lastKnownFileType = folder.assetcatalog; path = Assets.xcassets; sourceTree = "<group>"; };
		BFA821192445C2C8004B8EC2 /* Base */ = {isa = PBXFileReference; lastKnownFileType = file.storyboard; name = Base; path = Base.lproj/LaunchScreen.storyboard; sourceTree = "<group>"; };
		BFA8211B2445C2C8004B8EC2 /* Info.plist */ = {isa = PBXFileReference; lastKnownFileType = text.plist.xml; path = Info.plist; sourceTree = "<group>"; };
		BFA821202445C2C8004B8EC2 /* TodoAppTests.xctest */ = {isa = PBXFileReference; explicitFileType = wrapper.cfbundle; includeInIndex = 0; path = TodoAppTests.xctest; sourceTree = BUILT_PRODUCTS_DIR; };
		BFA821242445C2C8004B8EC2 /* TodoAppTests.swift */ = {isa = PBXFileReference; lastKnownFileType = sourcecode.swift; path = TodoAppTests.swift; sourceTree = "<group>"; };
		BFA821262445C2C8004B8EC2 /* Info.plist */ = {isa = PBXFileReference; lastKnownFileType = text.plist.xml; path = Info.plist; sourceTree = "<group>"; };
		C8E2B84C64C14EE94C76FBB0 /* Pods_TodoAppTests.framework */ = {isa = PBXFileReference; explicitFileType = wrapper.framework; includeInIndex = 0; path = Pods_TodoAppTests.framework; sourceTree = BUILT_PRODUCTS_DIR; };
		FDCE3899337FE7B2BBCC6938 /* Pods-TodoAppTests.release.xcconfig */ = {isa = PBXFileReference; includeInIndex = 1; lastKnownFileType = text.xcconfig; name = "Pods-TodoAppTests.release.xcconfig"; path = "Target Support Files/Pods-TodoAppTests/Pods-TodoAppTests.release.xcconfig"; sourceTree = "<group>"; };
/* End PBXFileReference section */

/* Begin PBXFrameworksBuildPhase section */
		BFA821072445C2C5004B8EC2 /* Frameworks */ = {
			isa = PBXFrameworksBuildPhase;
			buildActionMask = 2147483647;
			files = (
				667BDBB4681A624A1087404C /* Pods_TodoApp.framework in Frameworks */,
			);
			runOnlyForDeploymentPostprocessing = 0;
		};
		BFA8211D2445C2C8004B8EC2 /* Frameworks */ = {
			isa = PBXFrameworksBuildPhase;
			buildActionMask = 2147483647;
			files = (
				4EC8D8DC5A6A32FFF1F6FA38 /* Pods_TodoAppTests.framework in Frameworks */,
			);
			runOnlyForDeploymentPostprocessing = 0;
		};
/* End PBXFrameworksBuildPhase section */

/* Begin PBXGroup section */
		3B0234AA1E0A27D1437DE5E0 /* Pods */ = {
			isa = PBXGroup;
			children = (
				5EFA8D3B2A78B78865584534 /* Pods-TodoApp.debug.xcconfig */,
				8147393EB28F71C567ADD190 /* Pods-TodoApp.release.xcconfig */,
				402E25C004C5DDEA2CD84BF7 /* Pods-TodoAppTests.debug.xcconfig */,
				FDCE3899337FE7B2BBCC6938 /* Pods-TodoAppTests.release.xcconfig */,
			);
			path = Pods;
			sourceTree = "<group>";
		};
		430F4B9A9F0141208F10B8ED /* Frameworks */ = {
			isa = PBXGroup;
			children = (
				B9A4C87FD6417FB2F166FCFD /* Pods_TodoApp.framework */,
				C8E2B84C64C14EE94C76FBB0 /* Pods_TodoAppTests.framework */,
			);
			name = Frameworks;
			sourceTree = "<group>";
		};
		BFA821012445C2C5004B8EC2 = {
			isa = PBXGroup;
			children = (
				BFA8210C2445C2C5004B8EC2 /* TodoApp */,
				BFA821232445C2C8004B8EC2 /* TodoAppTests */,
				BFA8210B2445C2C5004B8EC2 /* Products */,
				3B0234AA1E0A27D1437DE5E0 /* Pods */,
				430F4B9A9F0141208F10B8ED /* Frameworks */,
			);
			sourceTree = "<group>";
		};
		BFA8210B2445C2C5004B8EC2 /* Products */ = {
			isa = PBXGroup;
			children = (
				BFA8210A2445C2C5004B8EC2 /* TodoApp.app */,
				BFA821202445C2C8004B8EC2 /* TodoAppTests.xctest */,
			);
			name = Products;
			sourceTree = "<group>";
		};
		BFA8210C2445C2C5004B8EC2 /* TodoApp */ = {
			isa = PBXGroup;
			children = (
				BFA8210D2445C2C5004B8EC2 /* AppDelegate.swift */,
				BFA8210F2445C2C5004B8EC2 /* SceneDelegate.swift */,
				BFA821112445C2C5004B8EC2 /* ViewController.swift */,
				BFA821132445C2C5004B8EC2 /* Main.storyboard */,
				BFA821162445C2C8004B8EC2 /* Assets.xcassets */,
				BFA821182445C2C8004B8EC2 /* LaunchScreen.storyboard */,
				BFA8211B2445C2C8004B8EC2 /* Info.plist */,
			);
			path = TodoApp;
			sourceTree = "<group>";
		};
		BFA821232445C2C8004B8EC2 /* TodoAppTests */ = {
			isa = PBXGroup;
			children = (
				BFA821242445C2C8004B8EC2 /* TodoAppTests.swift */,
				BFA821262445C2C8004B8EC2 /* Info.plist */,
			);
			path = TodoAppTests;
			sourceTree = "<group>";
		};
/* End PBXGroup section */

/* Begin PBXNativeTarget section */
		BFA821092445C2C5004B8EC2 /* TodoApp */ = {
			isa = PBXNativeTarget;
			buildConfigurationList = BFA821292445C2C8004B8EC2 /* Build configuration list for PBXNativeTarget "TodoApp" */;
			buildPhases = (
				50709EC8E3B98DCD1C08ABAB /* [CP] Check Pods Manifest.lock */,
				BFA821062445C2C5004B8EC2 /* Sources */,
				BFA821072445C2C5004B8EC2 /* Frameworks */,
				BFA821082445C2C5004B8EC2 /* Resources */,
			);
			buildRules = (
			);
			dependencies = (
			);
			name = TodoApp;
			productName = TodoApp;
			productReference = BFA8210A2445C2C5004B8EC2 /* TodoApp.app */;
			productType = "com.apple.product-type.application";
		};
		BFA8211F2445C2C8004B8EC2 /* TodoAppTests */ = {
			isa = PBXNativeTarget;
			buildConfigurationList = BFA8212C2445C2C8004B8EC2 /* Build configuration list for PBXNativeTarget "TodoAppTests" */;
			buildPhases = (
				E6F0E1B096C6B4D5DE6D69C9 /* [CP] Check Pods Manifest.lock */,
				BFA8211C2445C2C8004B8EC2 /* Sources */,
				BFA8211D2445C2C8004B8EC2 /* Frameworks */,
				BFA8211E2445C2C8004B8EC2 /* Resources */,
			);
			buildRules = (
			);
			dependencies = (
				BFA821222445C2C8004B8EC2 /* PBXTargetDependency */,
			);
			name = TodoAppTests;
			productName = TodoAppTests;
			productReference = BFA821202445C2C8004B8EC2 /* TodoAppTests.xctest */;
			productType = "com.apple.product-type.bundle.unit-test";
		};
/* End PBXNativeTarget section */

/* Begin PBXProject section */
		BFA821022445C2C5004B8EC2 /* Project object */ = {
			isa = PBXProject;
			attributes = {
				LastSwiftUpdateCheck = 1130;
				LastUpgradeCheck = 1130;
				ORGANIZATIONNAME = "Thibaut Coutard";
				TargetAttributes = {
					BFA821092445C2C5004B8EC2 = {
						CreatedOnToolsVersion = 11.3.1;
						ProvisioningStyle = Manual;
					};
					BFA8211F2445C2C8004B8EC2 = {
						CreatedOnToolsVersion = 11.3.1;
						ProvisioningStyle = Manual;
						TestTargetID = BFA821092445C2C5004B8EC2;
					};
				};
			};
			buildConfigurationList = BFA821052445C2C5004B8EC2 /* Build configuration list for PBXProject "TodoApp" */;
			compatibilityVersion = "Xcode 9.3";
			developmentRegion = en;
			hasScannedForEncodings = 0;
			knownRegions = (
				en,
				Base,
			);
			mainGroup = BFA821012445C2C5004B8EC2;
			productRefGroup = BFA8210B2445C2C5004B8EC2 /* Products */;
			projectDirPath = "";
			projectRoot = "";
			targets = (
				BFA821092445C2C5004B8EC2 /* TodoApp */,
				BFA8211F2445C2C8004B8EC2 /* TodoAppTests */,
			);
		};
/* End PBXProject section */

/* Begin PBXResourcesBuildPhase section */
		BFA821082445C2C5004B8EC2 /* Resources */ = {
			isa = PBXResourcesBuildPhase;
			buildActionMask = 2147483647;
			files = (
				BFA8211A2445C2C8004B8EC2 /* LaunchScreen.storyboard in Resources */,
				BFA821172445C2C8004B8EC2 /* Assets.xcassets in Resources */,
				BFA821152445C2C5004B8EC2 /* Main.storyboard in Resources */,
			);
			runOnlyForDeploymentPostprocessing = 0;
		};
		BFA8211E2445C2C8004B8EC2 /* Resources */ = {
			isa = PBXResourcesBuildPhase;
			buildActionMask = 2147483647;
			files = (
			);
			runOnlyForDeploymentPostprocessing = 0;
		};
/* End PBXResourcesBuildPhase section */

/* Begin PBXShellScriptBuildPhase section */
		50709EC8E3B98DCD1C08ABAB /* [CP] Check Pods Manifest.lock */ = {
			isa = PBXShellScriptBuildPhase;
			buildActionMask = 2147483647;
			files = (
			);
			inputFileListPaths = (
			);
			inputPaths = (
				"${PODS_PODFILE_DIR_PATH}/Podfile.lock",
				"${PODS_ROOT}/Manifest.lock",
			);
			name = "[CP] Check Pods Manifest.lock";
			outputFileListPaths = (
			);
			outputPaths = (
				"$(DERIVED_FILE_DIR)/Pods-TodoApp-checkManifestLockResult.txt",
			);
			runOnlyForDeploymentPostprocessing = 0;
			shellPath = /bin/sh;
			shellScript = "diff \"${PODS_PODFILE_DIR_PATH}/Podfile.lock\" \"${PODS_ROOT}/Manifest.lock\" > /dev/null\nif [ $? != 0 ] ; then\n    # print error to STDERR\n    echo \"error: The sandbox is not in sync with the Podfile.lock. Run 'pod install' or update your CocoaPods installation.\" >&2\n    exit 1\nfi\n# This output is used by Xcode 'outputs' to avoid re-running this script phase.\necho \"SUCCESS\" > \"${SCRIPT_OUTPUT_FILE_0}\"\n";
			showEnvVarsInLog = 0;
		};
		E6F0E1B096C6B4D5DE6D69C9 /* [CP] Check Pods Manifest.lock */ = {
			isa = PBXShellScriptBuildPhase;
			buildActionMask = 2147483647;
			files = (
			);
			inputFileListPaths = (
			);
			inputPaths = (
				"${PODS_PODFILE_DIR_PATH}/Podfile.lock",
				"${PODS_ROOT}/Manifest.lock",
			);
			name = "[CP] Check Pods Manifest.lock";
			outputFileListPaths = (
			);
			outputPaths = (
				"$(DERIVED_FILE_DIR)/Pods-TodoAppTests-checkManifestLockResult.txt",
			);
			runOnlyForDeploymentPostprocessing = 0;
			shellPath = /bin/sh;
			shellScript = "diff \"${PODS_PODFILE_DIR_PATH}/Podfile.lock\" \"${PODS_ROOT}/Manifest.lock\" > /dev/null\nif [ $? != 0 ] ; then\n    # print error to STDERR\n    echo \"error: The sandbox is not in sync with the Podfile.lock. Run 'pod install' or update your CocoaPods installation.\" >&2\n    exit 1\nfi\n# This output is used by Xcode 'outputs' to avoid re-running this script phase.\necho \"SUCCESS\" > \"${SCRIPT_OUTPUT_FILE_0}\"\n";
			showEnvVarsInLog = 0;
		};
/* End PBXShellScriptBuildPhase section */

/* Begin PBXSourcesBuildPhase section */
		BFA821062445C2C5004B8EC2 /* Sources */ = {
			isa = PBXSourcesBuildPhase;
			buildActionMask = 2147483647;
			files = (
				BFA821122445C2C5004B8EC2 /* ViewController.swift in Sources */,
				BFA8210E2445C2C5004B8EC2 /* AppDelegate.swift in Sources */,
				BFA821102445C2C5004B8EC2 /* SceneDelegate.swift in Sources */,
			);
			runOnlyForDeploymentPostprocessing = 0;
		};
		BFA8211C2445C2C8004B8EC2 /* Sources */ = {
			isa = PBXSourcesBuildPhase;
			buildActionMask = 2147483647;
			files = (
				BFA821252445C2C8004B8EC2 /* TodoAppTests.swift in Sources */,
			);
			runOnlyForDeploymentPostprocessing = 0;
		};
/* End PBXSourcesBuildPhase section */

/* Begin PBXTargetDependency section */
		BFA821222445C2C8004B8EC2 /* PBXTargetDependency */ = {
			isa = PBXTargetDependency;
			target = BFA821092445C2C5004B8EC2 /* TodoApp */;
			targetProxy = BFA821212445C2C8004B8EC2 /* PBXContainerItemProxy */;
		};
/* End PBXTargetDependency section */

/* Begin PBXVariantGroup section */
		BFA821132445C2C5004B8EC2 /* Main.storyboard */ = {
			isa = PBXVariantGroup;
			children = (
				BFA821142445C2C5004B8EC2 /* Base */,
			);
			name = Main.storyboard;
			sourceTree = "<group>";
		};
		BFA821182445C2C8004B8EC2 /* LaunchScreen.storyboard */ = {
			isa = PBXVariantGroup;
			children = (
				BFA821192445C2C8004B8EC2 /* Base */,
			);
			name = LaunchScreen.storyboard;
			sourceTree = "<group>";
		};
/* End PBXVariantGroup section */

/* Begin XCBuildConfiguration section */
		BFA821272445C2C8004B8EC2 /* Debug */ = {
			isa = XCBuildConfiguration;
			buildSettings = {
				ALWAYS_SEARCH_USER_PATHS = NO;
				CLANG_ANALYZER_NONNULL = YES;
				CLANG_ANALYZER_NUMBER_OBJECT_CONVERSION = YES_AGGRESSIVE;
				CLANG_CXX_LANGUAGE_STANDARD = "gnu++14";
				CLANG_CXX_LIBRARY = "libc++";
				CLANG_ENABLE_MODULES = YES;
				CLANG_ENABLE_OBJC_ARC = YES;
				CLANG_ENABLE_OBJC_WEAK = YES;
				CLANG_WARN_BLOCK_CAPTURE_AUTORELEASING = YES;
				CLANG_WARN_BOOL_CONVERSION = YES;
				CLANG_WARN_COMMA = YES;
				CLANG_WARN_CONSTANT_CONVERSION = YES;
				CLANG_WARN_DEPRECATED_OBJC_IMPLEMENTATIONS = YES;
				CLANG_WARN_DIRECT_OBJC_ISA_USAGE = YES_ERROR;
				CLANG_WARN_DOCUMENTATION_COMMENTS = YES;
				CLANG_WARN_EMPTY_BODY = YES;
				CLANG_WARN_ENUM_CONVERSION = YES;
				CLANG_WARN_INFINITE_RECURSION = YES;
				CLANG_WARN_INT_CONVERSION = YES;
				CLANG_WARN_NON_LITERAL_NULL_CONVERSION = YES;
				CLANG_WARN_OBJC_IMPLICIT_RETAIN_SELF = YES;
				CLANG_WARN_OBJC_LITERAL_CONVERSION = YES;
				CLANG_WARN_OBJC_ROOT_CLASS = YES_ERROR;
				CLANG_WARN_RANGE_LOOP_ANALYSIS = YES;
				CLANG_WARN_STRICT_PROTOTYPES = YES;
				CLANG_WARN_SUSPICIOUS_MOVE = YES;
				CLANG_WARN_UNGUARDED_AVAILABILITY = YES_AGGRESSIVE;
				CLANG_WARN_UNREACHABLE_CODE = YES;
				CLANG_WARN__DUPLICATE_METHOD_MATCH = YES;
				COPY_PHASE_STRIP = NO;
				DEBUG_INFORMATION_FORMAT = dwarf;
				ENABLE_STRICT_OBJC_MSGSEND = YES;
				ENABLE_TESTABILITY = YES;
				GCC_C_LANGUAGE_STANDARD = gnu11;
				GCC_DYNAMIC_NO_PIC = NO;
				GCC_NO_COMMON_BLOCKS = YES;
				GCC_OPTIMIZATION_LEVEL = 0;
				GCC_PREPROCESSOR_DEFINITIONS = (
					"DEBUG=1",
					"$(inherited)",
				);
				GCC_WARN_64_TO_32_BIT_CONVERSION = YES;
				GCC_WARN_ABOUT_RETURN_TYPE = YES_ERROR;
				GCC_WARN_UNDECLARED_SELECTOR = YES;
				GCC_WARN_UNINITIALIZED_AUTOS = YES_AGGRESSIVE;
				GCC_WARN_UNUSED_FUNCTION = YES;
				GCC_WARN_UNUSED_VARIABLE = YES;
				IPHONEOS_DEPLOYMENT_TARGET = 13.2;
				MTL_ENABLE_DEBUG_INFO = INCLUDE_SOURCE;
				MTL_FAST_MATH = YES;
				ONLY_ACTIVE_ARCH = YES;
				SDKROOT = iphoneos;
				SWIFT_ACTIVE_COMPILATION_CONDITIONS = DEBUG;
				SWIFT_OPTIMIZATION_LEVEL = "-Onone";
			};
			name = Debug;
		};
		BFA821282445C2C8004B8EC2 /* Release */ = {
			isa = XCBuildConfiguration;
			buildSettings = {
				ALWAYS_SEARCH_USER_PATHS = NO;
				CLANG_ANALYZER_NONNULL = YES;
				CLANG_ANALYZER_NUMBER_OBJECT_CONVERSION = YES_AGGRESSIVE;
				CLANG_CXX_LANGUAGE_STANDARD = "gnu++14";
				CLANG_CXX_LIBRARY = "libc++";
				CLANG_ENABLE_MODULES = YES;
				CLANG_ENABLE_OBJC_ARC = YES;
				CLANG_ENABLE_OBJC_WEAK = YES;
				CLANG_WARN_BLOCK_CAPTURE_AUTORELEASING = YES;
				CLANG_WARN_BOOL_CONVERSION = YES;
				CLANG_WARN_COMMA = YES;
				CLANG_WARN_CONSTANT_CONVERSION = YES;
				CLANG_WARN_DEPRECATED_OBJC_IMPLEMENTATIONS = YES;
				CLANG_WARN_DIRECT_OBJC_ISA_USAGE = YES_ERROR;
				CLANG_WARN_DOCUMENTATION_COMMENTS = YES;
				CLANG_WARN_EMPTY_BODY = YES;
				CLANG_WARN_ENUM_CONVERSION = YES;
				CLANG_WARN_INFINITE_RECURSION = YES;
				CLANG_WARN_INT_CONVERSION = YES;
				CLANG_WARN_NON_LITERAL_NULL_CONVERSION = YES;
				CLANG_WARN_OBJC_IMPLICIT_RETAIN_SELF = YES;
				CLANG_WARN_OBJC_LITERAL_CONVERSION = YES;
				CLANG_WARN_OBJC_ROOT_CLASS = YES_ERROR;
				CLANG_WARN_RANGE_LOOP_ANALYSIS = YES;
				CLANG_WARN_STRICT_PROTOTYPES = YES;
				CLANG_WARN_SUSPICIOUS_MOVE = YES;
				CLANG_WARN_UNGUARDED_AVAILABILITY = YES_AGGRESSIVE;
				CLANG_WARN_UNREACHABLE_CODE = YES;
				CLANG_WARN__DUPLICATE_METHOD_MATCH = YES;
				COPY_PHASE_STRIP = NO;
				DEBUG_INFORMATION_FORMAT = "dwarf-with-dsym";
				ENABLE_NS_ASSERTIONS = NO;
				ENABLE_STRICT_OBJC_MSGSEND = YES;
				GCC_C_LANGUAGE_STANDARD = gnu11;
				GCC_NO_COMMON_BLOCKS = YES;
				GCC_WARN_64_TO_32_BIT_CONVERSION = YES;
				GCC_WARN_ABOUT_RETURN_TYPE = YES_ERROR;
				GCC_WARN_UNDECLARED_SELECTOR = YES;
				GCC_WARN_UNINITIALIZED_AUTOS = YES_AGGRESSIVE;
				GCC_WARN_UNUSED_FUNCTION = YES;
				GCC_WARN_UNUSED_VARIABLE = YES;
				IPHONEOS_DEPLOYMENT_TARGET = 13.2;
				MTL_ENABLE_DEBUG_INFO = NO;
				MTL_FAST_MATH = YES;
				SDKROOT = iphoneos;
				SWIFT_COMPILATION_MODE = wholemodule;
				SWIFT_OPTIMIZATION_LEVEL = "-O";
				VALIDATE_PRODUCT = YES;
			};
			name = Release;
		};
		BFA8212A2445C2C8004B8EC2 /* Debug */ = {
			isa = XCBuildConfiguration;
			baseConfigurationReference = 5EFA8D3B2A78B78865584534 /* Pods-TodoApp.debug.xcconfig */;
			buildSettings = {
				ASSETCATALOG_COMPILER_APPICON_NAME = AppIcon;
				CODE_SIGN_IDENTITY = "iPhone Developer";
				CODE_SIGN_STYLE = Manual;
				DEVELOPMENT_TEAM = 4965NT4QX9;
				INFOPLIST_FILE = TodoApp/Info.plist;
				IPHONEOS_DEPLOYMENT_TARGET = 13.0;
				LD_RUNPATH_SEARCH_PATHS = (
					"$(inherited)",
					"@executable_path/Frameworks",
				);
				PRODUCT_BUNDLE_IDENTIFIER = com.tc.TodoApp;
				PRODUCT_NAME = "$(TARGET_NAME)";
				PROVISIONING_PROFILE_SPECIFIER = "match Development com.tc.TodoApp";
				SWIFT_VERSION = 5.0;
				TARGETED_DEVICE_FAMILY = "1,2";
			};
			name = Debug;
		};
		BFA8212B2445C2C8004B8EC2 /* Release */ = {
			isa = XCBuildConfiguration;
			baseConfigurationReference = 8147393EB28F71C567ADD190 /* Pods-TodoApp.release.xcconfig */;
			buildSettings = {
				ASSETCATALOG_COMPILER_APPICON_NAME = AppIcon;
				CODE_SIGN_IDENTITY = "iPhone Distribution";
				CODE_SIGN_STYLE = Manual;
				DEVELOPMENT_TEAM = 4965NT4QX9;
				INFOPLIST_FILE = TodoApp/Info.plist;
				IPHONEOS_DEPLOYMENT_TARGET = 13.0;
				LD_RUNPATH_SEARCH_PATHS = (
					"$(inherited)",
					"@executable_path/Frameworks",
				);
				PRODUCT_BUNDLE_IDENTIFIER = com.tc.TodoApp;
				PRODUCT_NAME = "$(TARGET_NAME)";
				PROVISIONING_PROFILE_SPECIFIER = "match AppStore com.tc.TodoApp";
				SWIFT_VERSION = 5.0;
				TARGETED_DEVICE_FAMILY = "1,2";
			};
			name = Release;
		};
		BFA8212D2445C2C8004B8EC2 /* Debug */ = {
			isa = XCBuildConfiguration;
			baseConfigurationReference = 402E25C004C5DDEA2CD84BF7 /* Pods-TodoAppTests.debug.xcconfig */;
			buildSettings = {
				ALWAYS_EMBED_SWIFT_STANDARD_LIBRARIES = YES;
				BUNDLE_LOADER = "$(TEST_HOST)";
				CODE_SIGN_IDENTITY = "iPhone Distribution";
				CODE_SIGN_STYLE = Manual;
				DEVELOPMENT_TEAM = 4965NT4QX9;
				INFOPLIST_FILE = TodoAppTests/Info.plist;
				IPHONEOS_DEPLOYMENT_TARGET = 13.2;
				LD_RUNPATH_SEARCH_PATHS = (
					"$(inherited)",
					"@executable_path/Frameworks",
					"@loader_path/Frameworks",
				);
				PRODUCT_BUNDLE_IDENTIFIER = com.thibautc.TodoAppTests;
				PRODUCT_NAME = "$(TARGET_NAME)";
				PROVISIONING_PROFILE_SPECIFIER = "match AppStore com.tc.TodoApp";
				SWIFT_VERSION = 5.0;
				TARGETED_DEVICE_FAMILY = "1,2";
				TEST_HOST = "$(BUILT_PRODUCTS_DIR)/TodoApp.app/TodoApp";
			};
			name = Debug;
		};
		BFA8212E2445C2C8004B8EC2 /* Release */ = {
			isa = XCBuildConfiguration;
			baseConfigurationReference = FDCE3899337FE7B2BBCC6938 /* Pods-TodoAppTests.release.xcconfig */;
			buildSettings = {
				ALWAYS_EMBED_SWIFT_STANDARD_LIBRARIES = YES;
				BUNDLE_LOADER = "$(TEST_HOST)";
				CODE_SIGN_IDENTITY = "iPhone Distribution";
				CODE_SIGN_STYLE = Manual;
				DEVELOPMENT_TEAM = 4965NT4QX9;
				INFOPLIST_FILE = TodoAppTests/Info.plist;
				IPHONEOS_DEPLOYMENT_TARGET = 13.2;
				LD_RUNPATH_SEARCH_PATHS = (
					"$(inherited)",
					"@executable_path/Frameworks",
					"@loader_path/Frameworks",
				);
				PRODUCT_BUNDLE_IDENTIFIER = com.thibautc.TodoAppTests;
				PRODUCT_NAME = "$(TARGET_NAME)";
				PROVISIONING_PROFILE_SPECIFIER = "match AppStore com.tc.TodoApp";
				SWIFT_VERSION = 5.0;
				TARGETED_DEVICE_FAMILY = "1,2";
				TEST_HOST = "$(BUILT_PRODUCTS_DIR)/TodoApp.app/TodoApp";
			};
			name = Release;
		};
/* End XCBuildConfiguration section */

/* Begin XCConfigurationList section */
		BFA821052445C2C5004B8EC2 /* Build configuration list for PBXProject "TodoApp" */ = {
			isa = XCConfigurationList;
			buildConfigurations = (
				BFA821272445C2C8004B8EC2 /* Debug */,
				BFA821282445C2C8004B8EC2 /* Release */,
			);
			defaultConfigurationIsVisible = 0;
			defaultConfigurationName = Release;
		};
		BFA821292445C2C8004B8EC2 /* Build configuration list for PBXNativeTarget "TodoApp" */ = {
			isa = XCConfigurationList;
			buildConfigurations = (
				BFA8212A2445C2C8004B8EC2 /* Debug */,
				BFA8212B2445C2C8004B8EC2 /* Release */,
			);
			defaultConfigurationIsVisible = 0;
			defaultConfigurationName = Release;
		};
		BFA8212C2445C2C8004B8EC2 /* Build configuration list for PBXNativeTarget "TodoAppTests" */ = {
			isa = XCConfigurationList;
			buildConfigurations = (
				BFA8212D2445C2C8004B8EC2 /* Debug */,
				BFA8212E2445C2C8004B8EC2 /* Release */,
			);
			defaultConfigurationIsVisible = 0;
			defaultConfigurationName = Release;
		};
/* End XCConfigurationList section */
	};
	rootObject = BFA821022445C2C5004B8EC2 /* Project object */;
}
